
Microsoft Visual Studio Solution File, Format Version 12.00
# Visual Studio Version 17
VisualStudioVersion = 17.2.32630.192
MinimumVisualStudioVersion = 10.0.40219.1
Project("{FAE04EC0-301F-11D3-BF4B-00C04F79EFBC}") = "Telegram", "Telegram\Telegram.csproj", "{C29551D3-6FE6-421C-B7CD-F1121430DE60}"
EndProject
Global
	GlobalSection(SolutionConfigurationPlatforms) = preSolution
		Debug|Any CPU = Debug|Any CPU
		Release|Any CPU = Release|Any CPU
	EndGlobalSection
	GlobalSection(ProjectConfigurationPlatforms) = postSolution
		{C29551D3-6FE6-421C-B7CD-F1121430DE60}.Debug|Any CPU.ActiveCfg = Debug|Any CPU
		{C29551D3-6FE6-421C-B7CD-F1121430DE60}.Debug|Any CPU.Build.0 = Debug|Any CPU
		{C29551D3-6FE6-421C-B7CD-F1121430DE60}.Release|Any CPU.ActiveCfg = Release|Any CPU
		{C29551D3-6FE6-421C-B7CD-F1121430DE60}.Release|Any CPU.Build.0 = Release|Any CPU
	EndGlobalSection
	GlobalSection(SolutionProperties) = preSolution
		HideSolutionNode = FALSE
	EndGlobalSection
	GlobalSection(ExtensibilityGlobals) = postSolution
		SolutionGuid = {1BFBA4A0-1F72-41DC-969D-34192976569B}
	EndGlobalSection
EndGlobal
